
Microsoft Visual Studio Solution File, Format Version 12.00
# Visual Studio Version 17
VisualStudioVersion = 17.0.31903.59
MinimumVisualStudioVersion = 10.0.40219.1
Project("{FAE04EC0-301F-11D3-BF4B-00C04F79EFBC}") = "TentRentalSaaS.Api", "backend\TentRentalSaaS.Api.csproj", "{5648DBE0-EABB-457C-A897-80FB11252EA5}"
EndProject
Project("{2150E333-8FDC-42A3-9474-1A3956D46DE8}") = "backend", "backend", "{D1D0E4B1-44AD-4893-8220-B96DEE712E67}"
EndProject
Project("{FAE04EC0-301F-11D3-BF4B-00C04F79EFBC}") = "TentRentalSaaS.Api.Tests", "backend\tests\TentRentalSaaS.Api.Tests.csproj", "{7DBDE47A-5C10-4B2E-9DD6-62B77D6EF987}"
EndProject
Global
	GlobalSection(SolutionConfigurationPlatforms) = preSolution
		Debug|Any CPU = Debug|Any CPU
		Release|Any CPU = Release|Any CPU
	EndGlobalSection
	GlobalSection(SolutionProperties) = preSolution
		HideSolutionNode = FALSE
	EndGlobalSection
	GlobalSection(ProjectConfigurationPlatforms) = postSolution
		{5648DBE0-EABB-457C-A897-80FB11252EA5}.Debug|Any CPU.ActiveCfg = Debug|Any CPU
		{5648DBE0-EABB-457C-A897-80FB11252EA5}.Debug|Any CPU.Build.0 = Debug|Any CPU
		{5648DBE0-EABB-457C-A897-80FB11252EA5}.Release|Any CPU.ActiveCfg = Release|Any CPU
		{5648DBE0-EABB-457C-A897-80FB11252EA5}.Release|Any CPU.Build.0 = Release|Any CPU
		{7DBDE47A-5C10-4B2E-9DD6-62B77D6EF987}.Debug|Any CPU.ActiveCfg = Debug|Any CPU
		{7DBDE47A-5C10-4B2E-9DD6-62B77D6EF987}.Debug|Any CPU.Build.0 = Debug|Any CPU
		{7DBDE47A-5C10-4B2E-9DD6-62B77D6EF987}.Release|Any CPU.ActiveCfg = Release|Any CPU
		{7DBDE47A-5C10-4B2E-9DD6-62B77D6EF987}.Release|Any CPU.Build.0 = Release|Any CPU
	EndGlobalSection
	GlobalSection(NestedProjects) = preSolution
		{7DBDE47A-5C10-4B2E-9DD6-62B77D6EF987} = {D1D0E4B1-44AD-4893-8220-B96DEE712E67}
	EndGlobalSection
EndGlobal
